
Microsoft Visual Studio Solution File, Format Version 12.00
# Visual Studio Version 16
VisualStudioVersion = 16.0.30523.141
MinimumVisualStudioVersion = 10.0.40219.1
Project("{FAE04EC0-301F-11D3-BF4B-00C04F79EFBC}") = "InventoryExample", "InventoryExample\InventoryExample.csproj", "{EDEA1BD4-2D80-4D2A-9D46-63BD045178C2}"
EndProject
Global
	GlobalSection(SolutionConfigurationPlatforms) = preSolution
		Debug|Any CPU = Debug|Any CPU
		Release|Any CPU = Release|Any CPU
	EndGlobalSection
	GlobalSection(ProjectConfigurationPlatforms) = postSolution
		{EDEA1BD4-2D80-4D2A-9D46-63BD045178C2}.Debug|Any CPU.ActiveCfg = Debug|Any CPU
		{EDEA1BD4-2D80-4D2A-9D46-63BD045178C2}.Debug|Any CPU.Build.0 = Debug|Any CPU
		{EDEA1BD4-2D80-4D2A-9D46-63BD045178C2}.Release|Any CPU.ActiveCfg = Release|Any CPU
		{EDEA1BD4-2D80-4D2A-9D46-63BD045178C2}.Release|Any CPU.Build.0 = Release|Any CPU
	EndGlobalSection
	GlobalSection(SolutionProperties) = preSolution
		HideSolutionNode = FALSE
	EndGlobalSection
	GlobalSection(ExtensibilityGlobals) = postSolution
		SolutionGuid = {A876BBA8-E6AA-4EC5-BA92-3CB08FAEC1C0}
	EndGlobalSection
EndGlobal
